version = 1
core = "web"
mode = "frontend"
frameworks = []
workspace = []

[resolution]
state = "locked"
store = "megagate"
package_count = 24

[[package]]
name = "react-dom"
version = "18.3.1"
integrity = "sha512-5m4nQKp+rZRb09LNH59GM4BxTh9251/ylbKIbpe7TpGxfJ+9kv6BLkLBXIjjspbgbnIBNqlI23tRnTWT0snUIw=="
direct = true
dev = false
dependencies = [
    "scheduler@0.27.0",
    "loose-envify@1.4.0",
]

[[package]]
name = "react"
version = "18.3.1"
integrity = "sha512-wS+hAgJShR0KhEvPJArfuPVN1+Hz1t0Y6n5jLrGQbkb4urgPE/0Rve+1kMB1v/oWgHgm4WIcV+i7F2pTVj+2iQ=="
direct = true
dev = false
dependencies = ["loose-envify@1.4.0"]

[[package]]
name = "next"
version = "14.2.35"
integrity = "sha512-KhYd2Hjt/O1/1aZVX3dCwGXM1QmOV4eNM2UTacK5gipDdPN/oHHK/4oVGy7X8GMfPMsUTUEmGlsy0EY1YGAkig=="
direct = true
dev = false
dependencies = [
    "styled-jsx@5.1.1",
    "caniuse-lite@1.0.30001805",
    "@next/env@14.2.35",
    "busboy@1.6.0",
    "postcss@8.4.31",
    "@swc/helpers@0.5.5",
    "graceful-fs@4.2.11",
    "@next/swc-darwin-arm64@14.2.33",
]

[[package]]
name = "lodash"
version = "4.18.1"
integrity = "sha512-dMInicTPVE8d1e5otfwmmjlxkZoUpiVLwyeTdUsi/Caj/gfzzblBcCE5sRHV/AsjuCmxWrte2TNGSYuCeCq+0Q=="
direct = true
dev = false
dependencies = []

[[package]]
name = "zod"
version = "3.25.76"
integrity = "sha512-gzUt/qt81nXsFGKIFcC3YnfEAx5NkunCfnDlvuBSSFS02bcXu4Lmea0AFIUwbLWxWPx3d9p8S5QoaujKcNQxcQ=="
direct = true
dev = false
dependencies = []

[[package]]
name = "typescript"
version = "5.9.3"
integrity = "sha512-jl1vZzPDinLr9eUt3J/t7V6FgNEw9QjvBPdysz9KfQDD41fQrC2Y4vKQdiaUpFT4bXlb1RHhLpp8wtm6M5TgSw=="
direct = true
dev = true
dependencies = []

[[package]]
name = "@next/swc-darwin-arm64"
version = "14.2.33"
integrity = "sha512-HqYnb6pxlsshoSTubdXKu15g3iivcbsMXg4bYpjL2iS/V6aQot+iyF4BUc2qA/J/n55YtvE4PHMKWBKGCF/+wA=="
direct = false
dev = false
dependencies = []

[[package]]
name = "graceful-fs"
version = "4.2.11"
integrity = "sha512-RbJ5/jmFcNNCcDV5o9eTnBLJ/HszWV0P73bc+Ff4nS/rJj+YaS6IGyiOL0VoBYX+l1Wrl3k63h/KrH+nhJ0XvQ=="
direct = false
dev = false
dependencies = []

[[package]]
name = "@swc/helpers"
version = "0.5.5"
integrity = "sha512-KGYxvIOXcceOAbEk4bi/dVLEK9z8sZ0uBB3Il5b1rhfClSpcX0yfRO0KmTkqR2cnQDymwLB+25ZyMzICg/cm/A=="
direct = false
dev = false
dependencies = [
    "tslib@2.8.1",
    "@swc/counter@0.1.3",
]

[[package]]
name = "postcss"
version = "8.4.31"
integrity = "sha512-PS08Iboia9mts/2ygV3eLpY5ghnUcfLV/EXTOW1E2qYxJKGGBUtNjN76FYHnMs36RmARn41bC0AZmn+rR0OVpQ=="
direct = false
dev = false
dependencies = [
    "source-map-js@1.2.1",
    "picocolors@1.1.1",
    "nanoid@3.3.16",
]

[[package]]
name = "busboy"
version = "1.6.0"
integrity = "sha512-8SFQbg/0hQ9xy3UNTB0YEnsNBbWfhf7RtnzpL7TkBiTBRfrQ9Fxcnz7VJsleJpyp6rVLvXiuORqjlHi5q+PYuA=="
direct = false
dev = false
dependencies = ["streamsearch@1.1.0"]

[[package]]
name = "@next/env"
version = "14.2.35"
integrity = "sha512-DuhvCtj4t9Gwrx80dmz2F4t/zKQ4ktN8WrMwOuVzkJfBilwAwGr6v16M5eI8yCuZ63H9TTuEU09Iu2HqkzFPVQ=="
direct = false
dev = false
dependencies = []

[[package]]
name = "caniuse-lite"
version = "1.0.30001805"
integrity = "sha512-52noaS3DubycKSXaU30TwPGIp+POyQSUVa5jBEq3vkRkY0kjyb3LQgvhU6WGyCcyXqVLWO0Cw0Q6BSdD0kUfVA=="
direct = false
dev = false
dependencies = []

[[package]]
name = "styled-jsx"
version = "5.1.1"
integrity = "sha512-pW7uC1l4mBZ8ugbiZrcIsiIvVx1UmTfw7UkC3Um2tmfUq9Bhk8IiyEIPl6F8agHgjzku6j0xQEZbfA5uSgSaCw=="
direct = false
dev = false
dependencies = ["client-only@0.0.1"]

[[package]]
name = "loose-envify"
version = "1.4.0"
integrity = "sha512-lyuxPGr/Wfhrlem2CL/UcnUc1zcqKAImBDzukY7Y5F/yQiNdko6+fRLevlw1HgMySw7f611UIY408EtxRSoK3Q=="
direct = false
dev = false
dependencies = ["js-tokens@4.0.0"]

[[package]]
name = "scheduler"
version = "0.27.0"
integrity = "sha512-eNv+WrVbKu1f3vbYJT/xtiF5syA5HPIMtf9IgY/nKg0sWqzAUEvqY/xm7OcZc/qafLx/iO9FgOmeSAp4v5ti/Q=="
direct = false
dev = false
dependencies = []

[[package]]
name = "js-tokens"
version = "4.0.0"
integrity = "sha512-RdJUflcE3cUzKiMqQgsCu06FPu9UdIJO0beYbPhHN4k6apgJtifcoCtT9bcxOpYBtpD2kCM6Sbzg4CausW/PKQ=="
direct = false
dev = false
dependencies = []

[[package]]
name = "client-only"
version = "0.0.1"
integrity = "sha512-IV3Ou0jSMzZrd3pZ48nLkT9DA7Ag1pnPzaiQhpW7c3RbcqqzvzzVu+L8gfqMp/8IM2MQtSiqaCxrrcfu8I8rMA=="
direct = false
dev = false
dependencies = []

[[package]]
name = "streamsearch"
version = "1.1.0"
integrity = "sha512-Mcc5wHehp9aXz1ax6bZUyY5afg9u2rv5cqQI3mRrYkGC8rW2hM02jWuwjtL++LS5qinSyhj2QfLyNsuc+VsExg=="
direct = false
dev = false
dependencies = []

[[package]]
name = "nanoid"
version = "3.3.16"
integrity = "sha512-bzlKTyNJ7+LdGIIwy8ijFpIqEQIvafahV7eYykJ8Cvh42EdJeODoJ6gUJXpQJvej1BddH8OqTXZNE/KfbWAu8Q=="
direct = false
dev = false
dependencies = []

[[package]]
name = "picocolors"
version = "1.1.1"
integrity = "sha512-xceH2snhtb5M9liqDsmEw56le376mTZkEX/jEb/RxNFyegNul7eNslCXP9FDj/Lcu0X8KEyMceP2ntpaHrDEVA=="
direct = false
dev = false
dependencies = []

[[package]]
name = "source-map-js"
version = "1.2.1"
integrity = "sha512-UXWMKhLOwVKb728IUtQPXxfYU+usdybtUrK/8uGE8CQMvrhOpwvzDBwj0QhSL7MQc7vIsISBG8VQ8+IDQxpfQA=="
direct = false
dev = false
dependencies = []

[[package]]
name = "@swc/counter"
version = "0.1.3"
integrity = "sha512-e2BR4lsJkkRlKZ/qCHPw9ZaSxc0MVUd7gtbtaB7aMvHeJVYe8sOB8DBZkP2DtISHGSku9sCK6T6cnY0CtXrOCQ=="
direct = false
dev = false
dependencies = []

[[package]]
name = "tslib"
version = "2.8.1"
integrity = "sha512-oJFu94HQb+KVduSUQL7wnpmqnfmLsOA/nAh6b6EH0wCEoK0/mPeXU6c3wKDV83MkOuHPRHtSXKKU99IBazS/2w=="
direct = false
dev = false
dependencies = []
